
Microsoft Visual Studio Solution File, Format Version 12.00
# Visual Studio Version 17
VisualStudioVersion = 17.10.35027.167
MinimumVisualStudioVersion = 10.0.40219.1
Project("{FAE04EC0-301F-11D3-BF4B-00C04F79EFBC}") = "Console_Binance", "Console_Binance.csproj", "{9B1D01F1-8436-4FAE-BC09-B2F7A54BE9A5}"
EndProject
Global
	GlobalSection(SolutionConfigurationPlatforms) = preSolution
		Debug|Any CPU = Debug|Any CPU
		Release|Any CPU = Release|Any CPU
	EndGlobalSection
	GlobalSection(ProjectConfigurationPlatforms) = postSolution
		{9B1D01F1-8436-4FAE-BC09-B2F7A54BE9A5}.Debug|Any CPU.ActiveCfg = Debug|Any CPU
		{9B1D01F1-8436-4FAE-BC09-B2F7A54BE9A5}.Debug|Any CPU.Build.0 = Debug|Any CPU
		{9B1D01F1-8436-4FAE-BC09-B2F7A54BE9A5}.Release|Any CPU.ActiveCfg = Release|Any CPU
		{9B1D01F1-8436-4FAE-BC09-B2F7A54BE9A5}.Release|Any CPU.Build.0 = Release|Any CPU
	EndGlobalSection
	GlobalSection(SolutionProperties) = preSolution
		HideSolutionNode = FALSE
	EndGlobalSection
	GlobalSection(ExtensibilityGlobals) = postSolution
		SolutionGuid = {96686139-8691-4FFB-B45D-9930ABF50073}
	EndGlobalSection
EndGlobal
